// !$*UTF8*$!
{
	archiveVersion = 1;
	classes = {
	};
	objectVersion = 55;
	objects = {

/* Begin PBXBuildFile section */
		0480DB50279D5325002B4B2F /* AppDelegate.swift in Sources */ = {isa = PBXBuildFile; fileRef = 0480DB4F279D5325002B4B2F /* AppDelegate.swift */; };
		0480DB52279D5325002B4B2F /* SceneDelegate.swift in Sources */ = {isa = PBXBuildFile; fileRef = 0480DB51279D5325002B4B2F /* SceneDelegate.swift */; };
		0480DB54279D5325002B4B2F /* ViewController.swift in Sources */ = {isa = PBXBuildFile; fileRef = 0480DB53279D5325002B4B2F /* ViewController.swift */; };
		0480DB57279D5325002B4B2F /* Main.storyboard in Resources */ = {isa = PBXBuildFile; fileRef = 0480DB55279D5325002B4B2F /* Main.storyboard */; };
		0480DB59279D5326002B4B2F /* Assets.xcassets in Resources */ = {isa = PBXBuildFile; fileRef = 0480DB58279D5326002B4B2F /* Assets.xcassets */; };
		0480DB5C279D5326002B4B2F /* LaunchScreen.storyboard in Resources */ = {isa = PBXBuildFile; fileRef = 0480DB5A279D5326002B4B2F /* LaunchScreen.storyboard */; };
		0480DB64279ECA11002B4B2F /* Bundle-Decode.swift in Sources */ = {isa = PBXBuildFile; fileRef = 0480DB63279ECA11002B4B2F /* Bundle-Decode.swift */; };
		0480DB66279EE9D2002B4B2F /* MainTabBarController.swift in Sources */ = {isa = PBXBuildFile; fileRef = 0480DB65279EE9D2002B4B2F /* MainTabBarController.swift */; };
/* End PBXBuildFile section */

/* Begin PBXFileReference section */
		0480DB4C279D5325002B4B2F /* UnsplashFavoritesTest.app */ = {isa = PBXFileReference; explicitFileType = wrapper.application; includeInIndex = 0; path = UnsplashFavoritesTest.app; sourceTree = BUILT_PRODUCTS_DIR; };
		0480DB4F279D5325002B4B2F /* AppDelegate.swift */ = {isa = PBXFileReference; lastKnownFileType = sourcecode.swift; path = AppDelegate.swift; sourceTree = "<group>"; };
		0480DB51279D5325002B4B2F /* SceneDelegate.swift */ = {isa = PBXFileReference; lastKnownFileType = sourcecode.swift; path = SceneDelegate.swift; sourceTree = "<group>"; };
		0480DB53279D5325002B4B2F /* ViewController.swift */ = {isa = PBXFileReference; lastKnownFileType = sourcecode.swift; path = ViewController.swift; sourceTree = "<group>"; };
		0480DB56279D5325002B4B2F /* Base */ = {isa = PBXFileReference; lastKnownFileType = file.storyboard; name = Base; path = Base.lproj/Main.storyboard; sourceTree = "<group>"; };
		0480DB58279D5326002B4B2F /* Assets.xcassets */ = {isa = PBXFileReference; lastKnownFileType = folder.assetcatalog; path = Assets.xcassets; sourceTree = "<group>"; };
		0480DB5B279D5326002B4B2F /* Base */ = {isa = PBXFileReference; lastKnownFileType = file.storyboard; name = Base; path = Base.lproj/LaunchScreen.storyboard; sourceTree = "<group>"; };
		0480DB5D279D5326002B4B2F /* Info.plist */ = {isa = PBXFileReference; lastKnownFileType = text.plist.xml; path = Info.plist; sourceTree = "<group>"; };
		0480DB63279ECA11002B4B2F /* Bundle-Decode.swift */ = {isa = PBXFileReference; lastKnownFileType = sourcecode.swift; path = "Bundle-Decode.swift"; sourceTree = "<group>"; };
		0480DB65279EE9D2002B4B2F /* MainTabBarController.swift */ = {isa = PBXFileReference; lastKnownFileType = sourcecode.swift; path = MainTabBarController.swift; sourceTree = "<group>"; };
/* End PBXFileReference section */

/* Begin PBXFrameworksBuildPhase section */
		0480DB49279D5325002B4B2F /* Frameworks */ = {
			isa = PBXFrameworksBuildPhase;
			buildActionMask = 2147483647;
			files = (
			);
			runOnlyForDeploymentPostprocessing = 0;
		};
/* End PBXFrameworksBuildPhase section */

/* Begin PBXGroup section */
		0480DB43279D5325002B4B2F = {
			isa = PBXGroup;
			children = (
				0480DB4E279D5325002B4B2F /* UnsplashFavoritesTest */,
				0480DB4D279D5325002B4B2F /* Products */,
			);
			sourceTree = "<group>";
		};
		0480DB4D279D5325002B4B2F /* Products */ = {
			isa = PBXGroup;
			children = (
				0480DB4C279D5325002B4B2F /* UnsplashFavoritesTest.app */,
			);
			name = Products;
			sourceTree = "<group>";
		};
		0480DB4E279D5325002B4B2F /* UnsplashFavoritesTest */ = {
			isa = PBXGroup;
			children = (
				0480DB4F279D5325002B4B2F /* AppDelegate.swift */,
				0480DB51279D5325002B4B2F /* SceneDelegate.swift */,
				0480DB53279D5325002B4B2F /* ViewController.swift */,
				0480DB65279EE9D2002B4B2F /* MainTabBarController.swift */,
				0480DB63279ECA11002B4B2F /* Bundle-Decode.swift */,
				0480DB55279D5325002B4B2F /* Main.storyboard */,
				0480DB58279D5326002B4B2F /* Assets.xcassets */,
				0480DB5A279D5326002B4B2F /* LaunchScreen.storyboard */,
				0480DB5D279D5326002B4B2F /* Info.plist */,
			);
			path = UnsplashFavoritesTest;
			sourceTree = "<group>";
		};
/* End PBXGroup section */

/* Begin PBXNativeTarget section */
		0480DB4B279D5325002B4B2F /* UnsplashFavoritesTest */ = {
			isa = PBXNativeTarget;
			buildConfigurationList = 0480DB60279D5326002B4B2F /* Build configuration list for PBXNativeTarget "UnsplashFavoritesTest" */;
			buildPhases = (
				0480DB48279D5325002B4B2F /* Sources */,
				0480DB49279D5325002B4B2F /* Frameworks */,
				0480DB4A279D5325002B4B2F /* Resources */,
			);
			buildRules = (
			);
			dependencies = (
			);
			name = UnsplashFavoritesTest;
			productName = UnsplashFavoritesTest;
			productReference = 0480DB4C279D5325002B4B2F /* UnsplashFavoritesTest.app */;
			productType = "com.apple.product-type.application";
		};
/* End PBXNativeTarget section */

/* Begin PBXProject section */
		0480DB44279D5325002B4B2F /* Project object */ = {
			isa = PBXProject;
			attributes = {
				BuildIndependentTargetsInParallel = 1;
				LastSwiftUpdateCheck = 1320;
				LastUpgradeCheck = 1320;
				TargetAttributes = {
					0480DB4B279D5325002B4B2F = {
						CreatedOnToolsVersion = 13.2.1;
					};
				};
			};
			buildConfigurationList = 0480DB47279D5325002B4B2F /* Build configuration list for PBXProject "UnsplashFavoritesTest" */;
			compatibilityVersion = "Xcode 13.0";
			developmentRegion = en;
			hasScannedForEncodings = 0;
			knownRegions = (
				en,
				Base,
			);
			mainGroup = 0480DB43279D5325002B4B2F;
			productRefGroup = 0480DB4D279D5325002B4B2F /* Products */;
			projectDirPath = "";
			projectRoot = "";
			targets = (
				0480DB4B279D5325002B4B2F /* UnsplashFavoritesTest */,
			);
		};
/* End PBXProject section */

/* Begin PBXResourcesBuildPhase section */
		0480DB4A279D5325002B4B2F /* Resources */ = {
			isa = PBXResourcesBuildPhase;
			buildActionMask = 2147483647;
			files = (
				0480DB5C279D5326002B4B2F /* LaunchScreen.storyboard in Resources */,
				0480DB59279D5326002B4B2F /* Assets.xcassets in Resources */,
				0480DB57279D5325002B4B2F /* Main.storyboard in Resources */,
			);
			runOnlyForDeploymentPostprocessing = 0;
		};
/* End PBXResourcesBuildPhase section */

/* Begin PBXSourcesBuildPhase section */
		0480DB48279D5325002B4B2F /* Sources */ = {
			isa = PBXSourcesBuildPhase;
			buildActionMask = 2147483647;
			files = (
				0480DB54279D5325002B4B2F /* ViewController.swift in Sources */,
				0480DB64279ECA11002B4B2F /* Bundle-Decode.swift in Sources */,
				0480DB66279EE9D2002B4B2F /* MainTabBarController.swift in Sources */,
				0480DB50279D5325002B4B2F /* AppDelegate.swift in Sources */,
				0480DB52279D5325002B4B2F /* SceneDelegate.swift in Sources */,
			);
			runOnlyForDeploymentPostprocessing = 0;
		};
/* End PBXSourcesBuildPhase section */

/* Begin PBXVariantGroup section */
		0480DB55279D5325002B4B2F /* Main.storyboard */ = {
			isa = PBXVariantGroup;
			children = (
				0480DB56279D5325002B4B2F /* Base */,
			);
			name = Main.storyboard;
			sourceTree = "<group>";
		};
		0480DB5A279D5326002B4B2F /* LaunchScreen.storyboard */ = {
			isa = PBXVariantGroup;
			children = (
				0480DB5B279D5326002B4B2F /* Base */,
			);
			name = LaunchScreen.storyboard;
			sourceTree = "<group>";
		};
/* End PBXVariantGroup section */

/* Begin XCBuildConfiguration section */
		0480DB5E279D5326002B4B2F /* Debug */ = {
			isa = XCBuildConfiguration;
			buildSettings = {
				ALWAYS_SEARCH_USER_PATHS = NO;
				CLANG_ANALYZER_NONNULL = YES;
				CLANG_ANALYZER_NUMBER_OBJECT_CONVERSION = YES_AGGRESSIVE;
				CLANG_CXX_LANGUAGE_STANDARD = "gnu++17";
				CLANG_CXX_LIBRARY = "libc++";
				CLANG_ENABLE_MODULES = YES;
				CLANG_ENABLE_OBJC_ARC = YES;
				CLANG_ENABLE_OBJC_WEAK = YES;
				CLANG_WARN_BLOCK_CAPTURE_AUTORELEASING = YES;
				CLANG_WARN_BOOL_CONVERSION = YES;
				CLANG_WARN_COMMA = YES;
				CLANG_WARN_CONSTANT_CONVERSION = YES;
				CLANG_WARN_DEPRECATED_OBJC_IMPLEMENTATIONS = YES;
				CLANG_WARN_DIRECT_OBJC_ISA_USAGE = YES_ERROR;
				CLANG_WARN_DOCUMENTATION_COMMENTS = YES;
				CLANG_WARN_EMPTY_BODY = YES;
				CLANG_WARN_ENUM_CONVERSION = YES;
				CLANG_WARN_INFINITE_RECURSION = YES;
				CLANG_WARN_INT_CONVERSION = YES;
				CLANG_WARN_NON_LITERAL_NULL_CONVERSION = YES;
				CLANG_WARN_OBJC_IMPLICIT_RETAIN_SELF = YES;
				CLANG_WARN_OBJC_LITERAL_CONVERSION = YES;
				CLANG_WARN_OBJC_ROOT_CLASS = YES_ERROR;
				CLANG_WARN_QUOTED_INCLUDE_IN_FRAMEWORK_HEADER = YES;
				CLANG_WARN_RANGE_LOOP_ANALYSIS = YES;
				CLANG_WARN_STRICT_PROTOTYPES = YES;
				CLANG_WARN_SUSPICIOUS_MOVE = YES;
				CLANG_WARN_UNGUARDED_AVAILABILITY = YES_AGGRESSIVE;
				CLANG_WARN_UNREACHABLE_CODE = YES;
				CLANG_WARN__DUPLICATE_METHOD_MATCH = YES;
				COPY_PHASE_STRIP = NO;
				DEBUG_INFORMATION_FORMAT = dwarf;
				ENABLE_STRICT_OBJC_MSGSEND = YES;
				ENABLE_TESTABILITY = YES;
				GCC_C_LANGUAGE_STANDARD = gnu11;
				GCC_DYNAMIC_NO_PIC = NO;
				GCC_NO_COMMON_BLOCKS = YES;
				GCC_OPTIMIZATION_LEVEL = 0;
				GCC_PREPROCESSOR_DEFINITIONS = (
					"DEBUG=1",
					"$(inherited)",
				);
				GCC_WARN_64_TO_32_BIT_CONVERSION = YES;
				GCC_WARN_ABOUT_RETURN_TYPE = YES_ERROR;
				GCC_WARN_UNDECLARED_SELECTOR = YES;
				GCC_WARN_UNINITIALIZED_AUTOS = YES_AGGRESSIVE;
				GCC_WARN_UNUSED_FUNCTION = YES;
				GCC_WARN_UNUSED_VARIABLE = YES;
				IPHONEOS_DEPLOYMENT_TARGET = 15.2;
				MTL_ENABLE_DEBUG_INFO = INCLUDE_SOURCE;
				MTL_FAST_MATH = YES;
				ONLY_ACTIVE_ARCH = YES;
				SDKROOT = iphoneos;
				SWIFT_ACTIVE_COMPILATION_CONDITIONS = DEBUG;
				SWIFT_OPTIMIZATION_LEVEL = "-Onone";
			};
			name = Debug;
		};
		0480DB5F279D5326002B4B2F /* Release */ = {
			isa = XCBuildConfiguration;
			buildSettings = {
				ALWAYS_SEARCH_USER_PATHS = NO;
				CLANG_ANALYZER_NONNULL = YES;
				CLANG_ANALYZER_NUMBER_OBJECT_CONVERSION = YES_AGGRESSIVE;
				CLANG_CXX_LANGUAGE_STANDARD = "gnu++17";
				CLANG_CXX_LIBRARY = "libc++";
				CLANG_ENABLE_MODULES = YES;
				CLANG_ENABLE_OBJC_ARC = YES;
				CLANG_ENABLE_OBJC_WEAK = YES;
				CLANG_WARN_BLOCK_CAPTURE_AUTORELEASING = YES;
				CLANG_WARN_BOOL_CONVERSION = YES;
				CLANG_WARN_COMMA = YES;
				CLANG_WARN_CONSTANT_CONVERSION = YES;
				CLANG_WARN_DEPRECATED_OBJC_IMPLEMENTATIONS = YES;
				CLANG_WARN_DIRECT_OBJC_ISA_USAGE = YES_ERROR;
				CLANG_WARN_DOCUMENTATION_COMMENTS = YES;
				CLANG_WARN_EMPTY_BODY = YES;
				CLANG_WARN_ENUM_CONVERSION = YES;
				CLANG_WARN_INFINITE_RECURSION = YES;
				CLANG_WARN_INT_CONVERSION = YES;
				CLANG_WARN_NON_LITERAL_NULL_CONVERSION = YES;
				CLANG_WARN_OBJC_IMPLICIT_RETAIN_SELF = YES;
				CLANG_WARN_OBJC_LITERAL_CONVERSION = YES;
				CLANG_WARN_OBJC_ROOT_CLASS = YES_ERROR;
				CLANG_WARN_QUOTED_INCLUDE_IN_FRAMEWORK_HEADER = YES;
				CLANG_WARN_RANGE_LOOP_ANALYSIS = YES;
				CLANG_WARN_STRICT_PROTOTYPES = YES;
				CLANG_WARN_SUSPICIOUS_MOVE = YES;
				CLANG_WARN_UNGUARDED_AVAILABILITY = YES_AGGRESSIVE;
				CLANG_WARN_UNREACHABLE_CODE = YES;
				CLANG_WARN__DUPLICATE_METHOD_MATCH = YES;
				COPY_PHASE_STRIP = NO;
				DEBUG_INFORMATION_FORMAT = "dwarf-with-dsym";
				ENABLE_NS_ASSERTIONS = NO;
				ENABLE_STRICT_OBJC_MSGSEND = YES;
				GCC_C_LANGUAGE_STANDARD = gnu11;
				GCC_NO_COMMON_BLOCKS = YES;
				GCC_WARN_64_TO_32_BIT_CONVERSION = YES;
				GCC_WARN_ABOUT_RETURN_TYPE = YES_ERROR;
				GCC_WARN_UNDECLARED_SELECTOR = YES;
				GCC_WARN_UNINITIALIZED_AUTOS = YES_AGGRESSIVE;
				GCC_WARN_UNUSED_FUNCTION = YES;
				GCC_WARN_UNUSED_VARIABLE = YES;
				IPHONEOS_DEPLOYMENT_TARGET = 15.2;
				MTL_ENABLE_DEBUG_INFO = NO;
				MTL_FAST_MATH = YES;
				SDKROOT = iphoneos;
				SWIFT_COMPILATION_MODE = wholemodule;
				SWIFT_OPTIMIZATION_LEVEL = "-O";
				VALIDATE_PRODUCT = YES;
			};
			name = Release;
		};
		0480DB61279D5326002B4B2F /* Debug */ = {
			isa = XCBuildConfiguration;
			buildSettings = {
				ASSETCATALOG_COMPILER_APPICON_NAME = AppIcon;
				ASSETCATALOG_COMPILER_GLOBAL_ACCENT_COLOR_NAME = AccentColor;
				CODE_SIGN_STYLE = Automatic;
				CURRENT_PROJECT_VERSION = 1;
				DEVELOPMENT_TEAM = QAN2X24QCC;
				GENERATE_INFOPLIST_FILE = YES;
				INFOPLIST_FILE = UnsplashFavoritesTest/Info.plist;
				INFOPLIST_KEY_UIApplicationSupportsIndirectInputEvents = YES;
				INFOPLIST_KEY_UILaunchStoryboardName = LaunchScreen;
				INFOPLIST_KEY_UIMainStoryboardFile = Main;
				INFOPLIST_KEY_UISupportedInterfaceOrientations_iPad = "UIInterfaceOrientationPortrait UIInterfaceOrientationPortraitUpsideDown UIInterfaceOrientationLandscapeLeft UIInterfaceOrientationLandscapeRight";
				INFOPLIST_KEY_UISupportedInterfaceOrientations_iPhone = "UIInterfaceOrientationPortrait UIInterfaceOrientationLandscapeLeft UIInterfaceOrientationLandscapeRight";
				LD_RUNPATH_SEARCH_PATHS = (
					"$(inherited)",
					"@executable_path/Frameworks",
				);
				MARKETING_VERSION = 1.0;
				PRODUCT_BUNDLE_IDENTIFIER = com.yuriyphoto.UnsplashFavoritesTest;
				PRODUCT_NAME = "$(TARGET_NAME)";
				SWIFT_EMIT_LOC_STRINGS = YES;
				SWIFT_VERSION = 5.0;
				TARGETED_DEVICE_FAMILY = "1,2";
			};
			name = Debug;
		};
		0480DB62279D5326002B4B2F /* Release */ = {
			isa = XCBuildConfiguration;
			buildSettings = {
				ASSETCATALOG_COMPILER_APPICON_NAME = AppIcon;
				ASSETCATALOG_COMPILER_GLOBAL_ACCENT_COLOR_NAME = AccentColor;
				CODE_SIGN_STYLE = Automatic;
				CURRENT_PROJECT_VERSION = 1;
				DEVELOPMENT_TEAM = QAN2X24QCC;
				GENERATE_INFOPLIST_FILE = YES;
				INFOPLIST_FILE = UnsplashFavoritesTest/Info.plist;
				INFOPLIST_KEY_UIApplicationSupportsIndirectInputEvents = YES;
				INFOPLIST_KEY_UILaunchStoryboardName = LaunchScreen;
				INFOPLIST_KEY_UIMainStoryboardFile = Main;
				INFOPLIST_KEY_UISupportedInterfaceOrientations_iPad = "UIInterfaceOrientationPortrait UIInterfaceOrientationPortraitUpsideDown UIInterfaceOrientationLandscapeLeft UIInterfaceOrientationLandscapeRight";
				INFOPLIST_KEY_UISupportedInterfaceOrientations_iPhone = "UIInterfaceOrientationPortrait UIInterfaceOrientationLandscapeLeft UIInterfaceOrientationLandscapeRight";
				LD_RUNPATH_SEARCH_PATHS = (
					"$(inherited)",
					"@executable_path/Frameworks",
				);
				MARKETING_VERSION = 1.0;
				PRODUCT_BUNDLE_IDENTIFIER = com.yuriyphoto.UnsplashFavoritesTest;
				PRODUCT_NAME = "$(TARGET_NAME)";
				SWIFT_EMIT_LOC_STRINGS = YES;
				SWIFT_VERSION = 5.0;
				TARGETED_DEVICE_FAMILY = "1,2";
			};
			name = Release;
		};
/* End XCBuildConfiguration section */

/* Begin XCConfigurationList section */
		0480DB47279D5325002B4B2F /* Build configuration list for PBXProject "UnsplashFavoritesTest" */ = {
			isa = XCConfigurationList;
			buildConfigurations = (
				0480DB5E279D5326002B4B2F /* Debug */,
				0480DB5F279D5326002B4B2F /* Release */,
			);
			defaultConfigurationIsVisible = 0;
			defaultConfigurationName = Release;
		};
		0480DB60279D5326002B4B2F /* Build configuration list for PBXNativeTarget "UnsplashFavoritesTest" */ = {
			isa = XCConfigurationList;
			buildConfigurations = (
				0480DB61279D5326002B4B2F /* Debug */,
				0480DB62279D5326002B4B2F /* Release */,
			);
			defaultConfigurationIsVisible = 0;
			defaultConfigurationName = Release;
		};
/* End XCConfigurationList section */
	};
	rootObject = 0480DB44279D5325002B4B2F /* Project object */;
}
